// !$*UTF8*$!
{
	archiveVersion = 1;
	classes = {
	};
	objectVersion = 51;
	objects = {

/* Begin PBXBuildFile section */
		24317062234137DD00AA4A6D /* LoginViewController.swift in Sources */ = {isa = PBXBuildFile; fileRef = 24317061234137DD00AA4A6D /* LoginViewController.swift */; };
		2443F3E923993D21003A7939 /* FirebaseServices.swift in Sources */ = {isa = PBXBuildFile; fileRef = 2443F3E823993D21003A7939 /* FirebaseServices.swift */; };
		2491701B2382BB1C00BA81AE /* UserPool.swift in Sources */ = {isa = PBXBuildFile; fileRef = 2491701A2382BB1C00BA81AE /* UserPool.swift */; };
		24D6127D23AAAFF200E66D5D /* LoadingWindowView.swift in Sources */ = {isa = PBXBuildFile; fileRef = 24D6127B23AAAFF200E66D5D /* LoadingWindowView.swift */; };
		24D6127E23AAAFF200E66D5D /* CustomActivityIndicator.swift in Sources */ = {isa = PBXBuildFile; fileRef = 24D6127C23AAAFF200E66D5D /* CustomActivityIndicator.swift */; };
		24E8FB6D23BA2C39006C26F0 /* ErrorAlertComponent.swift in Sources */ = {isa = PBXBuildFile; fileRef = 24E8FB6C23BA2C39006C26F0 /* ErrorAlertComponent.swift */; };
		4884F8A883A07B4EF0194DA3 /* Pods_ArtConnections.framework in Frameworks */ = {isa = PBXBuildFile; fileRef = 6FB9F62522EC278B4ABB7DD1 /* Pods_ArtConnections.framework */; };
		ED032C7B235603EA00C48203 /* ValidationManager.swift in Sources */ = {isa = PBXBuildFile; fileRef = ED032C7A235603EA00C48203 /* ValidationManager.swift */; };
		ED032C7E2356193500C48203 /* KeyboardViewController.swift in Sources */ = {isa = PBXBuildFile; fileRef = ED032C7D2356193500C48203 /* KeyboardViewController.swift */; };
		ED0417DF23AB73E3008A5C28 /* GoogleService-Info.plist in Resources */ = {isa = PBXBuildFile; fileRef = ED0417DE23AB73E3008A5C28 /* GoogleService-Info.plist */; };
		ED35C7F523CDEC2D00E600AC /* UIAlertExtensions.swift in Sources */ = {isa = PBXBuildFile; fileRef = ED35C7F423CDEC2D00E600AC /* UIAlertExtensions.swift */; };
		ED56861C234CDC890003A160 /* WelcomeViewController.swift in Sources */ = {isa = PBXBuildFile; fileRef = ED56861B234CDC890003A160 /* WelcomeViewController.swift */; };
		ED56861F234E19F40003A160 /* SignUpViewController.swift in Sources */ = {isa = PBXBuildFile; fileRef = ED56861E234E19F40003A160 /* SignUpViewController.swift */; };
		ED568621234E1A1D0003A160 /* SignUpViewModel.swift in Sources */ = {isa = PBXBuildFile; fileRef = ED568620234E1A1D0003A160 /* SignUpViewModel.swift */; };
		ED5D436F2397B3F500E74708 /* UIImageExtensions.swift in Sources */ = {isa = PBXBuildFile; fileRef = ED5D436E2397B3F400E74708 /* UIImageExtensions.swift */; };
		ED5D43712397C14700E74708 /* S3Service.swift in Sources */ = {isa = PBXBuildFile; fileRef = ED5D43702397C14700E74708 /* S3Service.swift */; };
		ED89B2FD23AA257B00684745 /* Constants.swift in Sources */ = {isa = PBXBuildFile; fileRef = ED89B2FC23AA257B00684745 /* Constants.swift */; };
		EDADDE35234B2BB400DA614D /* LoginViewModel.swift in Sources */ = {isa = PBXBuildFile; fileRef = EDADDE34234B2BB400DA614D /* LoginViewModel.swift */; };
		EDAF29A9233BAA31007EB1C1 /* AppDelegate.swift in Sources */ = {isa = PBXBuildFile; fileRef = EDAF29A8233BAA31007EB1C1 /* AppDelegate.swift */; };
		EDAF29AE233BAA31007EB1C1 /* Main.storyboard in Resources */ = {isa = PBXBuildFile; fileRef = EDAF29AC233BAA31007EB1C1 /* Main.storyboard */; };
		EDAF29B0233BAA33007EB1C1 /* Assets.xcassets in Resources */ = {isa = PBXBuildFile; fileRef = EDAF29AF233BAA33007EB1C1 /* Assets.xcassets */; };
		EDAF29B3233BAA33007EB1C1 /* LaunchScreen.storyboard in Resources */ = {isa = PBXBuildFile; fileRef = EDAF29B1233BAA33007EB1C1 /* LaunchScreen.storyboard */; };
		EDAF29BD233BAAC2007EB1C1 /* ProfileCoordinator.swift in Sources */ = {isa = PBXBuildFile; fileRef = EDAF29BC233BAAC2007EB1C1 /* ProfileCoordinator.swift */; };
		EDAF29C0233BAB45007EB1C1 /* AppCoordinator.swift in Sources */ = {isa = PBXBuildFile; fileRef = EDAF29BF233BAB45007EB1C1 /* AppCoordinator.swift */; };
		EDAF29C2233BABB7007EB1C1 /* BaseCoordinator.swift in Sources */ = {isa = PBXBuildFile; fileRef = EDAF29C1233BABB7007EB1C1 /* BaseCoordinator.swift */; };
		EDAF29C4233BAC7F007EB1C1 /* ModelledViewController.swift in Sources */ = {isa = PBXBuildFile; fileRef = EDAF29C3233BAC7F007EB1C1 /* ModelledViewController.swift */; };
		EDAF29C6233BACC2007EB1C1 /* ViewModel.swift in Sources */ = {isa = PBXBuildFile; fileRef = EDAF29C5233BACC2007EB1C1 /* ViewModel.swift */; };
		EDAF29C8233BAE39007EB1C1 /* StoryboardLoadedViewController.swift in Sources */ = {isa = PBXBuildFile; fileRef = EDAF29C7233BAE39007EB1C1 /* StoryboardLoadedViewController.swift */; };
		EDAF29CA233BB3CC007EB1C1 /* ProfileViewController.swift in Sources */ = {isa = PBXBuildFile; fileRef = EDAF29C9233BB3CC007EB1C1 /* ProfileViewController.swift */; };
		EDAF29CC233BB447007EB1C1 /* ProfileViewModel.swift in Sources */ = {isa = PBXBuildFile; fileRef = EDAF29CB233BB447007EB1C1 /* ProfileViewModel.swift */; };
		EDAF29CE233BB6AC007EB1C1 /* LoginCoordinator.swift in Sources */ = {isa = PBXBuildFile; fileRef = EDAF29CD233BB6AC007EB1C1 /* LoginCoordinator.swift */; };
		EDBCAED123859966003E6F20 /* SignUpCoordinator.swift in Sources */ = {isa = PBXBuildFile; fileRef = EDBCAED023859966003E6F20 /* SignUpCoordinator.swift */; };
		EDBCAED323859BDC003E6F20 /* AdditionalDetailsViewController.swift in Sources */ = {isa = PBXBuildFile; fileRef = EDBCAED223859BDC003E6F20 /* AdditionalDetailsViewController.swift */; };
		EDC5D6F623ABD61F003AAF96 /* UIImageViewExtensions.swift in Sources */ = {isa = PBXBuildFile; fileRef = EDC5D6F523ABD61F003AAF96 /* UIImageViewExtensions.swift */; };
		EDD46A68237D9190005D600F /* CognitoService.swift in Sources */ = {isa = PBXBuildFile; fileRef = EDD46A67237D9190005D600F /* CognitoService.swift */; };
		EDD76FE323796EC90037A65D /* UserObject.swift in Sources */ = {isa = PBXBuildFile; fileRef = EDD76FE223796EC90037A65D /* UserObject.swift */; };
		EDD76FE62379729C0037A65D /* DataFetcher.swift in Sources */ = {isa = PBXBuildFile; fileRef = EDD76FE52379729C0037A65D /* DataFetcher.swift */; };
		EDE2DFC7238BECE400C14BDA /* AdditionalDetailsViewModel.swift in Sources */ = {isa = PBXBuildFile; fileRef = EDE2DFC6238BECE300C14BDA /* AdditionalDetailsViewModel.swift */; };
/* End PBXBuildFile section */

/* Begin PBXFileReference section */
		24317061234137DD00AA4A6D /* LoginViewController.swift */ = {isa = PBXFileReference; lastKnownFileType = sourcecode.swift; path = LoginViewController.swift; sourceTree = "<group>"; };
		2443F3E823993D21003A7939 /* FirebaseServices.swift */ = {isa = PBXFileReference; lastKnownFileType = sourcecode.swift; path = FirebaseServices.swift; sourceTree = "<group>"; };
		2491701A2382BB1C00BA81AE /* UserPool.swift */ = {isa = PBXFileReference; lastKnownFileType = sourcecode.swift; path = UserPool.swift; sourceTree = "<group>"; };
		24D6127B23AAAFF200E66D5D /* LoadingWindowView.swift */ = {isa = PBXFileReference; fileEncoding = 4; lastKnownFileType = sourcecode.swift; path = LoadingWindowView.swift; sourceTree = "<group>"; };
		24D6127C23AAAFF200E66D5D /* CustomActivityIndicator.swift */ = {isa = PBXFileReference; fileEncoding = 4; lastKnownFileType = sourcecode.swift; path = CustomActivityIndicator.swift; sourceTree = "<group>"; };
		24E8FB6C23BA2C39006C26F0 /* ErrorAlertComponent.swift */ = {isa = PBXFileReference; lastKnownFileType = sourcecode.swift; path = ErrorAlertComponent.swift; sourceTree = "<group>"; };
		6FB9F62522EC278B4ABB7DD1 /* Pods_ArtConnections.framework */ = {isa = PBXFileReference; explicitFileType = wrapper.framework; includeInIndex = 0; path = Pods_ArtConnections.framework; sourceTree = BUILT_PRODUCTS_DIR; };
		ABE956F0BEE01E1E03E4579B /* Pods-ArtConnections.release.xcconfig */ = {isa = PBXFileReference; includeInIndex = 1; lastKnownFileType = text.xcconfig; name = "Pods-ArtConnections.release.xcconfig"; path = "Target Support Files/Pods-ArtConnections/Pods-ArtConnections.release.xcconfig"; sourceTree = "<group>"; };
		EA920CA0C81C0F0ADCCACF2E /* Pods-ArtConnections.debug.xcconfig */ = {isa = PBXFileReference; includeInIndex = 1; lastKnownFileType = text.xcconfig; name = "Pods-ArtConnections.debug.xcconfig"; path = "Target Support Files/Pods-ArtConnections/Pods-ArtConnections.debug.xcconfig"; sourceTree = "<group>"; };
		ED032C7A235603EA00C48203 /* ValidationManager.swift */ = {isa = PBXFileReference; lastKnownFileType = sourcecode.swift; path = ValidationManager.swift; sourceTree = "<group>"; };
		ED032C7D2356193500C48203 /* KeyboardViewController.swift */ = {isa = PBXFileReference; lastKnownFileType = sourcecode.swift; path = KeyboardViewController.swift; sourceTree = "<group>"; };
		ED0417DE23AB73E3008A5C28 /* GoogleService-Info.plist */ = {isa = PBXFileReference; fileEncoding = 4; lastKnownFileType = text.plist.xml; name = "GoogleService-Info.plist"; path = "../../../Downloads/GoogleService-Info.plist"; sourceTree = "<group>"; };
		ED35C7F423CDEC2D00E600AC /* UIAlertExtensions.swift */ = {isa = PBXFileReference; lastKnownFileType = sourcecode.swift; path = UIAlertExtensions.swift; sourceTree = "<group>"; };
		ED56861B234CDC890003A160 /* WelcomeViewController.swift */ = {isa = PBXFileReference; lastKnownFileType = sourcecode.swift; path = WelcomeViewController.swift; sourceTree = "<group>"; };
		ED56861E234E19F40003A160 /* SignUpViewController.swift */ = {isa = PBXFileReference; lastKnownFileType = sourcecode.swift; path = SignUpViewController.swift; sourceTree = "<group>"; };
		ED568620234E1A1D0003A160 /* SignUpViewModel.swift */ = {isa = PBXFileReference; lastKnownFileType = sourcecode.swift; path = SignUpViewModel.swift; sourceTree = "<group>"; };
		ED5D436E2397B3F400E74708 /* UIImageExtensions.swift */ = {isa = PBXFileReference; lastKnownFileType = sourcecode.swift; path = UIImageExtensions.swift; sourceTree = "<group>"; };
		ED5D43702397C14700E74708 /* S3Service.swift */ = {isa = PBXFileReference; lastKnownFileType = sourcecode.swift; path = S3Service.swift; sourceTree = "<group>"; };
		ED89B2FC23AA257B00684745 /* Constants.swift */ = {isa = PBXFileReference; lastKnownFileType = sourcecode.swift; path = Constants.swift; sourceTree = "<group>"; };
		EDADDE34234B2BB400DA614D /* LoginViewModel.swift */ = {isa = PBXFileReference; lastKnownFileType = sourcecode.swift; path = LoginViewModel.swift; sourceTree = "<group>"; };
		EDAF29A5233BAA31007EB1C1 /* ArtConnections.app */ = {isa = PBXFileReference; explicitFileType = wrapper.application; includeInIndex = 0; path = ArtConnections.app; sourceTree = BUILT_PRODUCTS_DIR; };
		EDAF29A8233BAA31007EB1C1 /* AppDelegate.swift */ = {isa = PBXFileReference; lastKnownFileType = sourcecode.swift; path = AppDelegate.swift; sourceTree = "<group>"; };
		EDAF29AD233BAA31007EB1C1 /* Base */ = {isa = PBXFileReference; lastKnownFileType = file.storyboard; name = Base; path = Base.lproj/Main.storyboard; sourceTree = "<group>"; };
		EDAF29AF233BAA33007EB1C1 /* Assets.xcassets */ = {isa = PBXFileReference; lastKnownFileType = folder.assetcatalog; path = Assets.xcassets; sourceTree = "<group>"; };
		EDAF29B2233BAA33007EB1C1 /* Base */ = {isa = PBXFileReference; lastKnownFileType = file.storyboard; name = Base; path = Base.lproj/LaunchScreen.storyboard; sourceTree = "<group>"; };
		EDAF29B4233BAA33007EB1C1 /* Info.plist */ = {isa = PBXFileReference; lastKnownFileType = text.plist.xml; path = Info.plist; sourceTree = "<group>"; };
		EDAF29BC233BAAC2007EB1C1 /* ProfileCoordinator.swift */ = {isa = PBXFileReference; lastKnownFileType = sourcecode.swift; path = ProfileCoordinator.swift; sourceTree = "<group>"; };
		EDAF29BF233BAB45007EB1C1 /* AppCoordinator.swift */ = {isa = PBXFileReference; lastKnownFileType = sourcecode.swift; name = AppCoordinator.swift; path = Coordinators/AppCoordinator.swift; sourceTree = "<group>"; };
		EDAF29C1233BABB7007EB1C1 /* BaseCoordinator.swift */ = {isa = PBXFileReference; lastKnownFileType = sourcecode.swift; path = BaseCoordinator.swift; sourceTree = "<group>"; };
		EDAF29C3233BAC7F007EB1C1 /* ModelledViewController.swift */ = {isa = PBXFileReference; lastKnownFileType = sourcecode.swift; path = ModelledViewController.swift; sourceTree = "<group>"; };
		EDAF29C5233BACC2007EB1C1 /* ViewModel.swift */ = {isa = PBXFileReference; lastKnownFileType = sourcecode.swift; path = ViewModel.swift; sourceTree = "<group>"; };
		EDAF29C7233BAE39007EB1C1 /* StoryboardLoadedViewController.swift */ = {isa = PBXFileReference; lastKnownFileType = sourcecode.swift; path = StoryboardLoadedViewController.swift; sourceTree = "<group>"; };
		EDAF29C9233BB3CC007EB1C1 /* ProfileViewController.swift */ = {isa = PBXFileReference; lastKnownFileType = sourcecode.swift; path = ProfileViewController.swift; sourceTree = "<group>"; };
		EDAF29CB233BB447007EB1C1 /* ProfileViewModel.swift */ = {isa = PBXFileReference; lastKnownFileType = sourcecode.swift; path = ProfileViewModel.swift; sourceTree = "<group>"; };
		EDAF29CD233BB6AC007EB1C1 /* LoginCoordinator.swift */ = {isa = PBXFileReference; lastKnownFileType = sourcecode.swift; name = LoginCoordinator.swift; path = Coordinators/LoginCoordinator.swift; sourceTree = "<group>"; };
		EDBCAED023859966003E6F20 /* SignUpCoordinator.swift */ = {isa = PBXFileReference; lastKnownFileType = sourcecode.swift; path = SignUpCoordinator.swift; sourceTree = "<group>"; };
		EDBCAED223859BDC003E6F20 /* AdditionalDetailsViewController.swift */ = {isa = PBXFileReference; lastKnownFileType = sourcecode.swift; path = AdditionalDetailsViewController.swift; sourceTree = "<group>"; };
		EDC5D6F523ABD61F003AAF96 /* UIImageViewExtensions.swift */ = {isa = PBXFileReference; lastKnownFileType = sourcecode.swift; path = UIImageViewExtensions.swift; sourceTree = "<group>"; };
		EDD46A67237D9190005D600F /* CognitoService.swift */ = {isa = PBXFileReference; lastKnownFileType = sourcecode.swift; path = CognitoService.swift; sourceTree = "<group>"; };
		EDD76FE223796EC90037A65D /* UserObject.swift */ = {isa = PBXFileReference; lastKnownFileType = sourcecode.swift; path = UserObject.swift; sourceTree = "<group>"; };
		EDD76FE52379729C0037A65D /* DataFetcher.swift */ = {isa = PBXFileReference; lastKnownFileType = sourcecode.swift; path = DataFetcher.swift; sourceTree = "<group>"; };
		EDE2DFC6238BECE300C14BDA /* AdditionalDetailsViewModel.swift */ = {isa = PBXFileReference; lastKnownFileType = sourcecode.swift; path = AdditionalDetailsViewModel.swift; sourceTree = "<group>"; };
/* End PBXFileReference section */

/* Begin PBXFrameworksBuildPhase section */
		EDAF29A2233BAA31007EB1C1 /* Frameworks */ = {
			isa = PBXFrameworksBuildPhase;
			buildActionMask = 2147483647;
			files = (
				4884F8A883A07B4EF0194DA3 /* Pods_ArtConnections.framework in Frameworks */,
			);
			runOnlyForDeploymentPostprocessing = 0;
		};
/* End PBXFrameworksBuildPhase section */

/* Begin PBXGroup section */
		2431705F234137BF00AA4A6D /* Profile */ = {
			isa = PBXGroup;
			children = (
				EDAF29C9233BB3CC007EB1C1 /* ProfileViewController.swift */,
				EDAF29CB233BB447007EB1C1 /* ProfileViewModel.swift */,
			);
			path = Profile;
			sourceTree = "<group>";
		};
		24317060234137C900AA4A6D /* Login */ = {
			isa = PBXGroup;
			children = (
				24317061234137DD00AA4A6D /* LoginViewController.swift */,
				EDADDE34234B2BB400DA614D /* LoginViewModel.swift */,
			);
			path = Login;
			sourceTree = "<group>";
		};
		2443F3E723993D0D003A7939 /* Firebase Services */ = {
			isa = PBXGroup;
			children = (
				2443F3E823993D21003A7939 /* FirebaseServices.swift */,
			);
			path = "Firebase Services";
			sourceTree = "<group>";
		};
		70BC5F5BC2621B7A0F0429A0 /* Frameworks */ = {
			isa = PBXGroup;
			children = (
				6FB9F62522EC278B4ABB7DD1 /* Pods_ArtConnections.framework */,
			);
			name = Frameworks;
			sourceTree = "<group>";
		};
		EA894DBBE0E41EAF5F2E91B1 /* Pods */ = {
			isa = PBXGroup;
			children = (
				EA920CA0C81C0F0ADCCACF2E /* Pods-ArtConnections.debug.xcconfig */,
				ABE956F0BEE01E1E03E4579B /* Pods-ArtConnections.release.xcconfig */,
			);
			path = Pods;
			sourceTree = "<group>";
		};
		ED032C792356038D00C48203 /* Extensions */ = {
			isa = PBXGroup;
			children = (
				ED032C7A235603EA00C48203 /* ValidationManager.swift */,
				ED5D436E2397B3F400E74708 /* UIImageExtensions.swift */,
				EDC5D6F523ABD61F003AAF96 /* UIImageViewExtensions.swift */,
				ED35C7F423CDEC2D00E600AC /* UIAlertExtensions.swift */,
			);
			path = Extensions;
			sourceTree = "<group>";
		};
		ED032C7C2356192000C48203 /* Components */ = {
			isa = PBXGroup;
			children = (
				ED89B2FB23AA256C00684745 /* Utilities */,
				ED032C7D2356193500C48203 /* KeyboardViewController.swift */,
			);
			path = Components;
			sourceTree = "<group>";
		};
		ED568618234CDC590003A160 /* Welcome */ = {
			isa = PBXGroup;
			children = (
				ED56861B234CDC890003A160 /* WelcomeViewController.swift */,
			);
			path = Welcome;
			sourceTree = "<group>";
		};
		ED56861D234E15EB0003A160 /* Sign Up */ = {
			isa = PBXGroup;
			children = (
				ED56861E234E19F40003A160 /* SignUpViewController.swift */,
				ED568620234E1A1D0003A160 /* SignUpViewModel.swift */,
				EDBCAED223859BDC003E6F20 /* AdditionalDetailsViewController.swift */,
				EDE2DFC6238BECE300C14BDA /* AdditionalDetailsViewModel.swift */,
			);
			path = "Sign Up";
			sourceTree = "<group>";
		};
		ED89B2FB23AA256C00684745 /* Utilities */ = {
			isa = PBXGroup;
			children = (
				ED89B2FC23AA257B00684745 /* Constants.swift */,
				24D6127C23AAAFF200E66D5D /* CustomActivityIndicator.swift */,
				24D6127B23AAAFF200E66D5D /* LoadingWindowView.swift */,
				24E8FB6C23BA2C39006C26F0 /* ErrorAlertComponent.swift */,
			);
			path = Utilities;
			sourceTree = "<group>";
		};
		EDAF299C233BAA31007EB1C1 = {
			isa = PBXGroup;
			children = (
				EDAF29A7233BAA31007EB1C1 /* ArtConnections */,
				EDAF29A6233BAA31007EB1C1 /* Products */,
				EA894DBBE0E41EAF5F2E91B1 /* Pods */,
				70BC5F5BC2621B7A0F0429A0 /* Frameworks */,
			);
			sourceTree = "<group>";
		};
		EDAF29A6233BAA31007EB1C1 /* Products */ = {
			isa = PBXGroup;
			children = (
				EDAF29A5233BAA31007EB1C1 /* ArtConnections.app */,
			);
			name = Products;
			sourceTree = "<group>";
		};
		EDAF29A7233BAA31007EB1C1 /* ArtConnections */ = {
			isa = PBXGroup;
			children = (
				EDD76FE4237972560037A65D /* Network */,
				EDD76FE123796EB40037A65D /* Models */,
				ED032C7C2356192000C48203 /* Components */,
				ED032C792356038D00C48203 /* Extensions */,
				EDAF29BE233BAB03007EB1C1 /* Protocols */,
				EDAF29BB233BAA4C007EB1C1 /* UI */,
				EDAF29BA233BAA41007EB1C1 /* Coordinators */,
				EDAF29A8233BAA31007EB1C1 /* AppDelegate.swift */,
				EDAF29AC233BAA31007EB1C1 /* Main.storyboard */,
				EDAF29AF233BAA33007EB1C1 /* Assets.xcassets */,
				EDAF29B1233BAA33007EB1C1 /* LaunchScreen.storyboard */,
				EDAF29B4233BAA33007EB1C1 /* Info.plist */,
				ED0417DE23AB73E3008A5C28 /* GoogleService-Info.plist */,
			);
			path = ArtConnections;
			sourceTree = "<group>";
		};
		EDAF29BA233BAA41007EB1C1 /* Coordinators */ = {
			isa = PBXGroup;
			children = (
				EDAF29BC233BAAC2007EB1C1 /* ProfileCoordinator.swift */,
				EDAF29BF233BAB45007EB1C1 /* AppCoordinator.swift */,
				EDAF29C1233BABB7007EB1C1 /* BaseCoordinator.swift */,
				EDAF29CD233BB6AC007EB1C1 /* LoginCoordinator.swift */,
				EDBCAED023859966003E6F20 /* SignUpCoordinator.swift */,
			);
			name = Coordinators;
			sourceTree = "<group>";
		};
		EDAF29BB233BAA4C007EB1C1 /* UI */ = {
			isa = PBXGroup;
			children = (
				ED56861D234E15EB0003A160 /* Sign Up */,
				ED568618234CDC590003A160 /* Welcome */,
				24317060234137C900AA4A6D /* Login */,
				2431705F234137BF00AA4A6D /* Profile */,
			);
			path = UI;
			sourceTree = "<group>";
		};
		EDAF29BE233BAB03007EB1C1 /* Protocols */ = {
			isa = PBXGroup;
			children = (
				EDAF29C3233BAC7F007EB1C1 /* ModelledViewController.swift */,
				EDAF29C5233BACC2007EB1C1 /* ViewModel.swift */,
				EDAF29C7233BAE39007EB1C1 /* StoryboardLoadedViewController.swift */,
			);
			path = Protocols;
			sourceTree = "<group>";
		};
		EDD46A66237D917C005D600F /* Services */ = {
			isa = PBXGroup;
			children = (
				2443F3E723993D0D003A7939 /* Firebase Services */,
				EDD46A67237D9190005D600F /* CognitoService.swift */,
				2491701A2382BB1C00BA81AE /* UserPool.swift */,
				ED5D43702397C14700E74708 /* S3Service.swift */,
			);
			path = Services;
			sourceTree = "<group>";
		};
		EDD76FE123796EB40037A65D /* Models */ = {
			isa = PBXGroup;
			children = (
				EDD76FE223796EC90037A65D /* UserObject.swift */,
			);
			path = Models;
			sourceTree = "<group>";
		};
		EDD76FE4237972560037A65D /* Network */ = {
			isa = PBXGroup;
			children = (
				EDD46A66237D917C005D600F /* Services */,
				EDD76FE52379729C0037A65D /* DataFetcher.swift */,
			);
			path = Network;
			sourceTree = "<group>";
		};
/* End PBXGroup section */

/* Begin PBXNativeTarget section */
		EDAF29A4233BAA31007EB1C1 /* ArtConnections */ = {
			isa = PBXNativeTarget;
			buildConfigurationList = EDAF29B7233BAA33007EB1C1 /* Build configuration list for PBXNativeTarget "ArtConnections" */;
			buildPhases = (
				281F434E1F0456F54132CCC6 /* [CP] Check Pods Manifest.lock */,
				EDAF29A1233BAA31007EB1C1 /* Sources */,
				EDAF29A2233BAA31007EB1C1 /* Frameworks */,
				EDAF29A3233BAA31007EB1C1 /* Resources */,
				87722EC7D412A4B21EFDDF18 /* [CP] Embed Pods Frameworks */,
			);
			buildRules = (
			);
			dependencies = (
			);
			name = ArtConnections;
			productName = ArtConnections;
			productReference = EDAF29A5233BAA31007EB1C1 /* ArtConnections.app */;
			productType = "com.apple.product-type.application";
		};
/* End PBXNativeTarget section */

/* Begin PBXProject section */
		EDAF299D233BAA31007EB1C1 /* Project object */ = {
			isa = PBXProject;
			attributes = {
				LastSwiftUpdateCheck = 1020;
				LastUpgradeCheck = 1020;
				ORGANIZATIONNAME = scottishAsian;
				TargetAttributes = {
					EDAF29A4233BAA31007EB1C1 = {
						CreatedOnToolsVersion = 10.2.1;
					};
				};
			};
			buildConfigurationList = EDAF29A0233BAA31007EB1C1 /* Build configuration list for PBXProject "ArtConnections" */;
			compatibilityVersion = "Xcode 9.3";
			developmentRegion = en;
			hasScannedForEncodings = 0;
			knownRegions = (
				en,
				Base,
			);
			mainGroup = EDAF299C233BAA31007EB1C1;
			productRefGroup = EDAF29A6233BAA31007EB1C1 /* Products */;
			projectDirPath = "";
			projectRoot = "";
			targets = (
				EDAF29A4233BAA31007EB1C1 /* ArtConnections */,
			);
		};
/* End PBXProject section */

/* Begin PBXResourcesBuildPhase section */
		EDAF29A3233BAA31007EB1C1 /* Resources */ = {
			isa = PBXResourcesBuildPhase;
			buildActionMask = 2147483647;
			files = (
				EDAF29B3233BAA33007EB1C1 /* LaunchScreen.storyboard in Resources */,
				ED0417DF23AB73E3008A5C28 /* GoogleService-Info.plist in Resources */,
				EDAF29B0233BAA33007EB1C1 /* Assets.xcassets in Resources */,
				EDAF29AE233BAA31007EB1C1 /* Main.storyboard in Resources */,
			);
			runOnlyForDeploymentPostprocessing = 0;
		};
/* End PBXResourcesBuildPhase section */

/* Begin PBXShellScriptBuildPhase section */
		281F434E1F0456F54132CCC6 /* [CP] Check Pods Manifest.lock */ = {
			isa = PBXShellScriptBuildPhase;
			buildActionMask = 2147483647;
			files = (
			);
			inputFileListPaths = (
			);
			inputPaths = (
				"${PODS_PODFILE_DIR_PATH}/Podfile.lock",
				"${PODS_ROOT}/Manifest.lock",
			);
			name = "[CP] Check Pods Manifest.lock";
			outputFileListPaths = (
			);
			outputPaths = (
				"$(DERIVED_FILE_DIR)/Pods-ArtConnections-checkManifestLockResult.txt",
			);
			runOnlyForDeploymentPostprocessing = 0;
			shellPath = /bin/sh;
			shellScript = "diff \"${PODS_PODFILE_DIR_PATH}/Podfile.lock\" \"${PODS_ROOT}/Manifest.lock\" > /dev/null\nif [ $? != 0 ] ; then\n    # print error to STDERR\n    echo \"error: The sandbox is not in sync with the Podfile.lock. Run 'pod install' or update your CocoaPods installation.\" >&2\n    exit 1\nfi\n# This output is used by Xcode 'outputs' to avoid re-running this script phase.\necho \"SUCCESS\" > \"${SCRIPT_OUTPUT_FILE_0}\"\n";
			showEnvVarsInLog = 0;
		};
		87722EC7D412A4B21EFDDF18 /* [CP] Embed Pods Frameworks */ = {
			isa = PBXShellScriptBuildPhase;
			buildActionMask = 2147483647;
			files = (
			);
			inputFileListPaths = (
				"${PODS_ROOT}/Target Support Files/Pods-ArtConnections/Pods-ArtConnections-frameworks-${CONFIGURATION}-input-files.xcfilelist",
			);
			name = "[CP] Embed Pods Frameworks";
			outputFileListPaths = (
				"${PODS_ROOT}/Target Support Files/Pods-ArtConnections/Pods-ArtConnections-frameworks-${CONFIGURATION}-output-files.xcfilelist",
			);
			runOnlyForDeploymentPostprocessing = 0;
			shellPath = /bin/sh;
			shellScript = "\"${PODS_ROOT}/Target Support Files/Pods-ArtConnections/Pods-ArtConnections-frameworks.sh\"\n";
			showEnvVarsInLog = 0;
		};
/* End PBXShellScriptBuildPhase section */

/* Begin PBXSourcesBuildPhase section */
		EDAF29A1233BAA31007EB1C1 /* Sources */ = {
			isa = PBXSourcesBuildPhase;
			buildActionMask = 2147483647;
			files = (
				ED5D43712397C14700E74708 /* S3Service.swift in Sources */,
				24317062234137DD00AA4A6D /* LoginViewController.swift in Sources */,
				EDBCAED123859966003E6F20 /* SignUpCoordinator.swift in Sources */,
				EDAF29C8233BAE39007EB1C1 /* StoryboardLoadedViewController.swift in Sources */,
				ED568621234E1A1D0003A160 /* SignUpViewModel.swift in Sources */,
				EDAF29C4233BAC7F007EB1C1 /* ModelledViewController.swift in Sources */,
				ED5D436F2397B3F500E74708 /* UIImageExtensions.swift in Sources */,
				EDAF29C2233BABB7007EB1C1 /* BaseCoordinator.swift in Sources */,
				EDAF29C0233BAB45007EB1C1 /* AppCoordinator.swift in Sources */,
				24E8FB6D23BA2C39006C26F0 /* ErrorAlertComponent.swift in Sources */,
				EDAF29CE233BB6AC007EB1C1 /* LoginCoordinator.swift in Sources */,
				2443F3E923993D21003A7939 /* FirebaseServices.swift in Sources */,
				ED89B2FD23AA257B00684745 /* Constants.swift in Sources */,
				EDAF29CC233BB447007EB1C1 /* ProfileViewModel.swift in Sources */,
				2491701B2382BB1C00BA81AE /* UserPool.swift in Sources */,
				EDADDE35234B2BB400DA614D /* LoginViewModel.swift in Sources */,
				ED56861F234E19F40003A160 /* SignUpViewController.swift in Sources */,
				24D6127D23AAAFF200E66D5D /* LoadingWindowView.swift in Sources */,
				EDD46A68237D9190005D600F /* CognitoService.swift in Sources */,
				EDE2DFC7238BECE400C14BDA /* AdditionalDetailsViewModel.swift in Sources */,
				EDAF29BD233BAAC2007EB1C1 /* ProfileCoordinator.swift in Sources */,
				ED35C7F523CDEC2D00E600AC /* UIAlertExtensions.swift in Sources */,
				EDAF29CA233BB3CC007EB1C1 /* ProfileViewController.swift in Sources */,
				ED032C7E2356193500C48203 /* KeyboardViewController.swift in Sources */,
				EDAF29A9233BAA31007EB1C1 /* AppDelegate.swift in Sources */,
				24D6127E23AAAFF200E66D5D /* CustomActivityIndicator.swift in Sources */,
				EDD76FE62379729C0037A65D /* DataFetcher.swift in Sources */,
				EDAF29C6233BACC2007EB1C1 /* ViewModel.swift in Sources */,
				EDD76FE323796EC90037A65D /* UserObject.swift in Sources */,
				EDC5D6F623ABD61F003AAF96 /* UIImageViewExtensions.swift in Sources */,
				ED032C7B235603EA00C48203 /* ValidationManager.swift in Sources */,
				EDBCAED323859BDC003E6F20 /* AdditionalDetailsViewController.swift in Sources */,
				ED56861C234CDC890003A160 /* WelcomeViewController.swift in Sources */,
			);
			runOnlyForDeploymentPostprocessing = 0;
		};
/* End PBXSourcesBuildPhase section */

/* Begin PBXVariantGroup section */
		EDAF29AC233BAA31007EB1C1 /* Main.storyboard */ = {
			isa = PBXVariantGroup;
			children = (
				EDAF29AD233BAA31007EB1C1 /* Base */,
			);
			name = Main.storyboard;
			sourceTree = "<group>";
		};
		EDAF29B1233BAA33007EB1C1 /* LaunchScreen.storyboard */ = {
			isa = PBXVariantGroup;
			children = (
				EDAF29B2233BAA33007EB1C1 /* Base */,
			);
			name = LaunchScreen.storyboard;
			sourceTree = "<group>";
		};
/* End PBXVariantGroup section */

/* Begin XCBuildConfiguration section */
		EDAF29B5233BAA33007EB1C1 /* Debug */ = {
			isa = XCBuildConfiguration;
			buildSettings = {
				ALWAYS_SEARCH_USER_PATHS = NO;
				CLANG_ANALYZER_NONNULL = YES;
				CLANG_ANALYZER_NUMBER_OBJECT_CONVERSION = YES_AGGRESSIVE;
				CLANG_CXX_LANGUAGE_STANDARD = "gnu++14";
				CLANG_CXX_LIBRARY = "libc++";
				CLANG_ENABLE_MODULES = YES;
				CLANG_ENABLE_OBJC_ARC = YES;
				CLANG_ENABLE_OBJC_WEAK = YES;
				CLANG_WARN_BLOCK_CAPTURE_AUTORELEASING = YES;
				CLANG_WARN_BOOL_CONVERSION = YES;
				CLANG_WARN_COMMA = YES;
				CLANG_WARN_CONSTANT_CONVERSION = YES;
				CLANG_WARN_DEPRECATED_OBJC_IMPLEMENTATIONS = YES;
				CLANG_WARN_DIRECT_OBJC_ISA_USAGE = YES_ERROR;
				CLANG_WARN_DOCUMENTATION_COMMENTS = YES;
				CLANG_WARN_EMPTY_BODY = YES;
				CLANG_WARN_ENUM_CONVERSION = YES;
				CLANG_WARN_INFINITE_RECURSION = YES;
				CLANG_WARN_INT_CONVERSION = YES;
				CLANG_WARN_NON_LITERAL_NULL_CONVERSION = YES;
				CLANG_WARN_OBJC_IMPLICIT_RETAIN_SELF = YES;
				CLANG_WARN_OBJC_LITERAL_CONVERSION = YES;
				CLANG_WARN_OBJC_ROOT_CLASS = YES_ERROR;
				CLANG_WARN_RANGE_LOOP_ANALYSIS = YES;
				CLANG_WARN_STRICT_PROTOTYPES = YES;
				CLANG_WARN_SUSPICIOUS_MOVE = YES;
				CLANG_WARN_UNGUARDED_AVAILABILITY = YES_AGGRESSIVE;
				CLANG_WARN_UNREACHABLE_CODE = YES;
				CLANG_WARN__DUPLICATE_METHOD_MATCH = YES;
				CODE_SIGN_IDENTITY = "iPhone Developer";
				COPY_PHASE_STRIP = NO;
				DEBUG_INFORMATION_FORMAT = dwarf;
				ENABLE_STRICT_OBJC_MSGSEND = YES;
				ENABLE_TESTABILITY = YES;
				GCC_C_LANGUAGE_STANDARD = gnu11;
				GCC_DYNAMIC_NO_PIC = NO;
				GCC_NO_COMMON_BLOCKS = YES;
				GCC_OPTIMIZATION_LEVEL = 0;
				GCC_PREPROCESSOR_DEFINITIONS = (
					"DEBUG=1",
					"$(inherited)",
				);
				GCC_WARN_64_TO_32_BIT_CONVERSION = YES;
				GCC_WARN_ABOUT_RETURN_TYPE = YES_ERROR;
				GCC_WARN_UNDECLARED_SELECTOR = YES;
				GCC_WARN_UNINITIALIZED_AUTOS = YES_AGGRESSIVE;
				GCC_WARN_UNUSED_FUNCTION = YES;
				GCC_WARN_UNUSED_VARIABLE = YES;
				IPHONEOS_DEPLOYMENT_TARGET = 12.2;
				MTL_ENABLE_DEBUG_INFO = INCLUDE_SOURCE;
				MTL_FAST_MATH = YES;
				ONLY_ACTIVE_ARCH = YES;
				SDKROOT = iphoneos;
				SWIFT_ACTIVE_COMPILATION_CONDITIONS = DEBUG;
				SWIFT_OPTIMIZATION_LEVEL = "-Onone";
			};
			name = Debug;
		};
		EDAF29B6233BAA33007EB1C1 /* Release */ = {
			isa = XCBuildConfiguration;
			buildSettings = {
				ALWAYS_SEARCH_USER_PATHS = NO;
				CLANG_ANALYZER_NONNULL = YES;
				CLANG_ANALYZER_NUMBER_OBJECT_CONVERSION = YES_AGGRESSIVE;
				CLANG_CXX_LANGUAGE_STANDARD = "gnu++14";
				CLANG_CXX_LIBRARY = "libc++";
				CLANG_ENABLE_MODULES = YES;
				CLANG_ENABLE_OBJC_ARC = YES;
				CLANG_ENABLE_OBJC_WEAK = YES;
				CLANG_WARN_BLOCK_CAPTURE_AUTORELEASING = YES;
				CLANG_WARN_BOOL_CONVERSION = YES;
				CLANG_WARN_COMMA = YES;
				CLANG_WARN_CONSTANT_CONVERSION = YES;
				CLANG_WARN_DEPRECATED_OBJC_IMPLEMENTATIONS = YES;
				CLANG_WARN_DIRECT_OBJC_ISA_USAGE = YES_ERROR;
				CLANG_WARN_DOCUMENTATION_COMMENTS = YES;
				CLANG_WARN_EMPTY_BODY = YES;
				CLANG_WARN_ENUM_CONVERSION = YES;
				CLANG_WARN_INFINITE_RECURSION = YES;
				CLANG_WARN_INT_CONVERSION = YES;
				CLANG_WARN_NON_LITERAL_NULL_CONVERSION = YES;
				CLANG_WARN_OBJC_IMPLICIT_RETAIN_SELF = YES;
				CLANG_WARN_OBJC_LITERAL_CONVERSION = YES;
				CLANG_WARN_OBJC_ROOT_CLASS = YES_ERROR;
				CLANG_WARN_RANGE_LOOP_ANALYSIS = YES;
				CLANG_WARN_STRICT_PROTOTYPES = YES;
				CLANG_WARN_SUSPICIOUS_MOVE = YES;
				CLANG_WARN_UNGUARDED_AVAILABILITY = YES_AGGRESSIVE;
				CLANG_WARN_UNREACHABLE_CODE = YES;
				CLANG_WARN__DUPLICATE_METHOD_MATCH = YES;
				CODE_SIGN_IDENTITY = "iPhone Developer";
				COPY_PHASE_STRIP = NO;
				DEBUG_INFORMATION_FORMAT = "dwarf-with-dsym";
				ENABLE_NS_ASSERTIONS = NO;
				ENABLE_STRICT_OBJC_MSGSEND = YES;
				GCC_C_LANGUAGE_STANDARD = gnu11;
				GCC_NO_COMMON_BLOCKS = YES;
				GCC_WARN_64_TO_32_BIT_CONVERSION = YES;
				GCC_WARN_ABOUT_RETURN_TYPE = YES_ERROR;
				GCC_WARN_UNDECLARED_SELECTOR = YES;
				GCC_WARN_UNINITIALIZED_AUTOS = YES_AGGRESSIVE;
				GCC_WARN_UNUSED_FUNCTION = YES;
				GCC_WARN_UNUSED_VARIABLE = YES;
				IPHONEOS_DEPLOYMENT_TARGET = 12.2;
				MTL_ENABLE_DEBUG_INFO = NO;
				MTL_FAST_MATH = YES;
				SDKROOT = iphoneos;
				SWIFT_COMPILATION_MODE = wholemodule;
				SWIFT_OPTIMIZATION_LEVEL = "-O";
				VALIDATE_PRODUCT = YES;
			};
			name = Release;
		};
		EDAF29B8233BAA33007EB1C1 /* Debug */ = {
			isa = XCBuildConfiguration;
			baseConfigurationReference = EA920CA0C81C0F0ADCCACF2E /* Pods-ArtConnections.debug.xcconfig */;
			buildSettings = {
				ASSETCATALOG_COMPILER_APPICON_NAME = AppIcon;
				CODE_SIGN_STYLE = Automatic;
				DEVELOPMENT_TEAM = ZSM2D4RUSA;
				INFOPLIST_FILE = ArtConnections/Info.plist;
				LD_RUNPATH_SEARCH_PATHS = (
					"$(inherited)",
					"@executable_path/Frameworks",
				);
				PRODUCT_BUNDLE_IDENTIFIER = scottishAsian.ArtConnections;
				PRODUCT_NAME = "$(TARGET_NAME)";
				SWIFT_VERSION = 5.0;
				TARGETED_DEVICE_FAMILY = "1,2";
			};
			name = Debug;
		};
		EDAF29B9233BAA33007EB1C1 /* Release */ = {
			isa = XCBuildConfiguration;
			baseConfigurationReference = ABE956F0BEE01E1E03E4579B /* Pods-ArtConnections.release.xcconfig */;
			buildSettings = {
				ASSETCATALOG_COMPILER_APPICON_NAME = AppIcon;
				CODE_SIGN_STYLE = Automatic;
				DEVELOPMENT_TEAM = ZSM2D4RUSA;
				INFOPLIST_FILE = ArtConnections/Info.plist;
				LD_RUNPATH_SEARCH_PATHS = (
					"$(inherited)",
					"@executable_path/Frameworks",
				);
				PRODUCT_BUNDLE_IDENTIFIER = scottishAsian.ArtConnections;
				PRODUCT_NAME = "$(TARGET_NAME)";
				SWIFT_VERSION = 5.0;
				TARGETED_DEVICE_FAMILY = "1,2";
			};
			name = Release;
		};
/* End XCBuildConfiguration section */

/* Begin XCConfigurationList section */
		EDAF29A0233BAA31007EB1C1 /* Build configuration list for PBXProject "ArtConnections" */ = {
			isa = XCConfigurationList;
			buildConfigurations = (
				EDAF29B5233BAA33007EB1C1 /* Debug */,
				EDAF29B6233BAA33007EB1C1 /* Release */,
			);
			defaultConfigurationIsVisible = 0;
			defaultConfigurationName = Release;
		};
		EDAF29B7233BAA33007EB1C1 /* Build configuration list for PBXNativeTarget "ArtConnections" */ = {
			isa = XCConfigurationList;
			buildConfigurations = (
				EDAF29B8233BAA33007EB1C1 /* Debug */,
				EDAF29B9233BAA33007EB1C1 /* Release */,
			);
			defaultConfigurationIsVisible = 0;
			defaultConfigurationName = Release;
		};
/* End XCConfigurationList section */
	};
	rootObject = EDAF299D233BAA31007EB1C1 /* Project object */;
}
